{
  "name": "Discord-NodeJS",
  "version": "1.0.0",
  "lockfileVersion": 1,
  "requires": true,
  "dependencies": {
    "bad-words": {
      "version": "3.0.3",
      "resolved": "https://registry.npmjs.org/bad-words/-/bad-words-3.0.3.tgz",
      "integrity": "sha512-To+nGz+U8SpEQieZ2kSadY/1hVO88UXAslCJuTgLjDOuGrs/tNW2BYwl0fctxcRLooe0nzYN1pGzgvRIrd0BeA==",
      "requires": {
        "badwords-list": "^1.0.0"
      }
    },
    "badwords-list": {
      "version": "1.0.0",
      "resolved": "https://registry.npmjs.org/badwords-list/-/badwords-list-1.0.0.tgz",
      "integrity": "sha1-XphW2/E0gqKVw7CzBK+51M/FxXk="
    },
    "dotenv": {
      "version": "8.2.0",
      "resolved": "https://registry.npmjs.org/dotenv/-/dotenv-8.2.0.tgz",
      "integrity": "sha512-8sJ78ElpbDJBHNeBzUbUVLsqKdccaa/BXF1uPTw3GrvQTBgrQrtObr2mUrE38vzYd8cEv+m/JBfDLioYcfXoaw=="
    },
    "guild": {
      "version": "1.2.2",
      "resolved": "https://registry.npmjs.org/guild/-/guild-1.2.2.tgz",
      "integrity": "sha1-krd+ZI74gGhl/1av9MWPepnSNsU="
    }
  }
}
